{
    "_meta": {
        "hash": {
            "sha256": "12a092d8d1bf08cba83ea8bdd796e3cfb50165e3edd5c8cd51539524030c7b05"
        },
        "pipfile-spec": 6,
        "requires": {
            "python_version": "3.7"
        },
        "sources": [
            {
                "name": "tsinghua",
                "url": "https://pypi.tuna.tsinghua.edu.cn/simple",
                "verify_ssl": true
            },
            {
                "name": "aliyun",
                "url": "http://mirrors.aliyun.com/pypi/simple"
            }
        ]
    },
    "default": {
        "asn1crypto": {
            "hashes": [
                "sha256:2f1adbb7546ed199e3c90ef23ec95c5cf3585bac7d11fb7eb562a3fe89c64e87",
                "sha256:9d5c20441baf0cb60a4ac34cc447c6c189024b6b4c6cd7877034f4965c464e49"
            ],
            "version": "==0.24.0"
        },
        "attrs": {
            "hashes": [
                "sha256:69c0dbf2ed392de1cb5ec704444b08a5ef81680a61cb899dc08127123af36a79",
                "sha256:f0b870f674851ecbfbbbd364d6b5cbdff9dcedbc7f3f5e18a6891057f21fe399"
            ],
            "version": "==19.1.0"
        },
        "automat": {
            "hashes": [
                "sha256:cbd78b83fa2d81fe2a4d23d258e1661dd7493c9a50ee2f1a5b2cac61c1793b0e",
                "sha256:fdccab66b68498af9ecfa1fa43693abe546014dd25cf28543cbe9d1334916a58"
            ],
            "version": "==0.7.0"
        },
        "beautifulsoup4": {
            "hashes": [
                "sha256:034740f6cb549b4e932ae1ab975581e6103ac8f942200a0e9759065984391858",
                "sha256:945065979fb8529dd2f37dbb58f00b661bdbcbebf954f93b32fdf5263ef35348",
                "sha256:ba6d5c59906a85ac23dadfe5c88deaf3e179ef565f4898671253e50a78680718"
            ],
            "index": "tsinghua",
            "version": "==4.7.1"
        },
        "bosonnlp": {
            "hashes": [
                "sha256:3c3adc80d24cd035f4d50db145715088e5ab9fe2d0d85e280f6774f9a520fbe2",
                "sha256:818e9907294b516fa5c57c2db8eeca31afd8a2ce6f186b93f228ca963f1909b0"
            ],
            "index": "tsinghua",
            "version": "==0.11.1"
        },
        "certifi": {
            "hashes": [
                "sha256:59b7658e26ca9c7339e00f8f4636cdfe59d34fa37b9b04f6f9e9926b3cece1a5",
                "sha256:b26104d6835d1f5e49452a26eb2ff87fe7090b89dfcaee5ea2212697e1e1d7ae"
            ],
            "version": "==2019.3.9"
        },
        "cffi": {
            "hashes": [
                "sha256:041c81822e9f84b1d9c401182e174996f0bae9991f33725d059b771744290774",
                "sha256:046ef9a22f5d3eed06334d01b1e836977eeef500d9b78e9ef693f9380ad0b83d",
                "sha256:066bc4c7895c91812eff46f4b1c285220947d4aa46fa0a2651ff85f2afae9c90",
                "sha256:066c7ff148ae33040c01058662d6752fd73fbc8e64787229ea8498c7d7f4041b",
                "sha256:2444d0c61f03dcd26dbf7600cf64354376ee579acad77aef459e34efcb438c63",
                "sha256:300832850b8f7967e278870c5d51e3819b9aad8f0a2c8dbe39ab11f119237f45",
                "sha256:34c77afe85b6b9e967bd8154e3855e847b70ca42043db6ad17f26899a3df1b25",
                "sha256:46de5fa00f7ac09f020729148ff632819649b3e05a007d286242c4882f7b1dc3",
                "sha256:4aa8ee7ba27c472d429b980c51e714a24f47ca296d53f4d7868075b175866f4b",
                "sha256:4d0004eb4351e35ed950c14c11e734182591465a33e960a4ab5e8d4f04d72647",
                "sha256:4e3d3f31a1e202b0f5a35ba3bc4eb41e2fc2b11c1eff38b362de710bcffb5016",
                "sha256:50bec6d35e6b1aaeb17f7c4e2b9374ebf95a8975d57863546fa83e8d31bdb8c4",
                "sha256:55cad9a6df1e2a1d62063f79d0881a414a906a6962bc160ac968cc03ed3efcfb",
                "sha256:5662ad4e4e84f1eaa8efce5da695c5d2e229c563f9d5ce5b0113f71321bcf753",
                "sha256:59b4dc008f98fc6ee2bb4fd7fc786a8d70000d058c2bbe2698275bc53a8d3fa7",
                "sha256:73e1ffefe05e4ccd7bcea61af76f36077b914f92b76f95ccf00b0c1b9186f3f9",
                "sha256:a1f0fd46eba2d71ce1589f7e50a9e2ffaeb739fb2c11e8192aa2b45d5f6cc41f",
                "sha256:a2e85dc204556657661051ff4bab75a84e968669765c8a2cd425918699c3d0e8",
                "sha256:a5457d47dfff24882a21492e5815f891c0ca35fefae8aa742c6c263dac16ef1f",
                "sha256:a8dccd61d52a8dae4a825cdbb7735da530179fea472903eb871a5513b5abbfdc",
                "sha256:ae61af521ed676cf16ae94f30fe202781a38d7178b6b4ab622e4eec8cefaff42",
                "sha256:b012a5edb48288f77a63dba0840c92d0504aa215612da4541b7b42d849bc83a3",
                "sha256:d2c5cfa536227f57f97c92ac30c8109688ace8fa4ac086d19d0af47d134e2909",
                "sha256:d42b5796e20aacc9d15e66befb7a345454eef794fdb0737d1af593447c6c8f45",
                "sha256:dee54f5d30d775f525894d67b1495625dd9322945e7fee00731952e0368ff42d",
                "sha256:e070535507bd6aa07124258171be2ee8dfc19119c28ca94c9dfb7efd23564512",
                "sha256:e1ff2748c84d97b065cc95429814cdba39bcbd77c9c85c89344b317dc0d9cbff",
                "sha256:ed851c75d1e0e043cbf5ca9a8e1b13c4c90f3fbd863dacb01c0808e2b5204201"
            ],
            "version": "==1.12.3"
        },
        "chardet": {
            "hashes": [
                "sha256:84ab92ed1c4d4f16916e05906b6b75a6c0fb5db821cc65e70cbd64a3e2a5eaae",
                "sha256:fc323ffcaeaed0e0a02bf4d117757b98aed530d9ed4531e3e15460124c106691"
            ],
            "version": "==3.0.4"
        },
        "constantly": {
            "hashes": [
                "sha256:586372eb92059873e29eba4f9dec8381541b4d3834660707faf8ba59146dfc35",
                "sha256:dd2fa9d6b1a51a83f0d7dd76293d734046aa176e384bf6e33b7e44880eb37c5d"
            ],
            "version": "==15.1.0"
        },
        "cryptography": {
            "hashes": [
                "sha256:066f815f1fe46020877c5983a7e747ae140f517f1b09030ec098503575265ce1",
                "sha256:210210d9df0afba9e000636e97810117dc55b7157c903a55716bb73e3ae07705",
                "sha256:26c821cbeb683facb966045e2064303029d572a87ee69ca5a1bf54bf55f93ca6",
                "sha256:2afb83308dc5c5255149ff7d3fb9964f7c9ee3d59b603ec18ccf5b0a8852e2b1",
                "sha256:2db34e5c45988f36f7a08a7ab2b69638994a8923853dec2d4af121f689c66dc8",
                "sha256:409c4653e0f719fa78febcb71ac417076ae5e20160aec7270c91d009837b9151",
                "sha256:45a4f4cf4f4e6a55c8128f8b76b4c057027b27d4c67e3fe157fa02f27e37830d",
                "sha256:48eab46ef38faf1031e58dfcc9c3e71756a1108f4c9c966150b605d4a1a7f659",
                "sha256:6b9e0ae298ab20d371fc26e2129fd683cfc0cfde4d157c6341722de645146537",
                "sha256:6c4778afe50f413707f604828c1ad1ff81fadf6c110cb669579dea7e2e98a75e",
                "sha256:8c33fb99025d353c9520141f8bc989c2134a1f76bac6369cea060812f5b5c2bb",
                "sha256:9873a1760a274b620a135054b756f9f218fa61ca030e42df31b409f0fb738b6c",
                "sha256:9b069768c627f3f5623b1cbd3248c5e7e92aec62f4c98827059eed7053138cc9",
                "sha256:9e4ce27a507e4886efbd3c32d120db5089b906979a4debf1d5939ec01b9dd6c5",
                "sha256:acb424eaca214cb08735f1a744eceb97d014de6530c1ea23beb86d9c6f13c2ad",
                "sha256:c8181c7d77388fe26ab8418bb088b1a1ef5fde058c6926790c8a0a3d94075a4a",
                "sha256:d4afbb0840f489b60f5a580a41a1b9c3622e08ecb5eec8614d4fb4cd914c4460",
                "sha256:d9ed28030797c00f4bc43c86bf819266c76a5ea61d006cd4078a93ebf7da6bfd",
                "sha256:e603aa7bb52e4e8ed4119a58a03b60323918467ef209e6ff9db3ac382e5cf2c6"
            ],
            "version": "==2.6.1"
        },
        "cssselect": {
            "hashes": [
                "sha256:066d8bc5229af09617e24b3ca4d52f1f9092d9e061931f4184cd572885c23204",
                "sha256:3b5103e8789da9e936a68d993b70df732d06b8bb9a337a05ed4eb52c17ef7206"
            ],
            "version": "==1.0.3"
        },
        "cycler": {
            "hashes": [
                "sha256:1d8a5ae1ff6c5cf9b93e8811e581232ad8920aeec647c37316ceac982b08cb2d",
                "sha256:cd7b2d1018258d7247a71425e9f26463dfb444d411c39569972f4ce586b0c9d8"
            ],
            "version": "==0.10.0"
        },
        "fake-useragent": {
            "hashes": [
                "sha256:c104998b750eb097eefc28ae28e92d66397598d2cf41a31aa45d5559ef1adf35"
            ],
            "index": "tsinghua",
            "version": "==0.1.11"
        },
        "hyperlink": {
            "hashes": [
                "sha256:4288e34705da077fada1111a24a0aa08bb1e76699c9ce49876af722441845654",
                "sha256:ab4a308feb039b04f855a020a6eda3b18ca5a68e6d8f8c899cbe9e653721d04f"
            ],
            "version": "==19.0.0"
        },
        "idna": {
            "hashes": [
                "sha256:c357b3f628cf53ae2c4c05627ecc484553142ca23264e593d327bcde5e9c3407",
                "sha256:ea8b7f6188e6fa117537c3df7da9fc686d485087abf6ac197f9c46432f7e4a3c"
            ],
            "version": "==2.8"
        },
        "imageio": {
            "hashes": [
                "sha256:1a2bbbb7cd38161340fa3b14d806dfbf914abf3ee6fd4592af2afb87d049f209",
                "sha256:42e65aadfc3d57a1043615c92bdf6319b67589e49a0aae2b985b82144aceacad"
            ],
            "index": "tsinghua",
            "version": "==2.5.0"
        },
        "incremental": {
            "hashes": [
                "sha256:717e12246dddf231a349175f48d74d93e2897244939173b01974ab6661406b9f",
                "sha256:7b751696aaf36eebfab537e458929e194460051ccad279c72b755a167eebd4b3"
            ],
            "version": "==17.5.0"
        },
        "jieba": {
            "hashes": [
                "sha256:de385e48582a4862e55a9167334d0fbe91d479026e5dac40e59e22c08b8e883e"
            ],
            "index": "tsinghua",
            "version": "==0.39"
        },
        "jpype1": {
            "hashes": [
                "sha256:6841523631874a731e1f94e1b1f130686ad3772030eaa3b6946256eeb1d10dd1"
            ],
            "version": "==0.6.3"
        },
        "kiwisolver": {
            "hashes": [
                "sha256:0ee4ed8b3ae8f5f712b0aa9ebd2858b5b232f1b9a96b0943dceb34df2a223bc3",
                "sha256:0f7f532f3c94e99545a29f4c3f05637f4d2713e7fd91b4dd8abfc18340b86cd5",
                "sha256:1a078f5dd7e99317098f0e0d490257fd0349d79363e8c923d5bb76428f318421",
                "sha256:1aa0b55a0eb1bd3fa82e704f44fb8f16e26702af1a073cc5030eea399e617b56",
                "sha256:2874060b91e131ceeff00574b7c2140749c9355817a4ed498e82a4ffa308ecbc",
                "sha256:379d97783ba8d2934d52221c833407f20ca287b36d949b4bba6c75274bcf6363",
                "sha256:3b791ddf2aefc56382aadc26ea5b352e86a2921e4e85c31c1f770f527eb06ce4",
                "sha256:4329008a167fac233e398e8a600d1b91539dc33c5a3eadee84c0d4b04d4494fa",
                "sha256:45813e0873bbb679334a161b28cb9606d9665e70561fd6caa8863e279b5e464b",
                "sha256:53a5b27e6b5717bdc0125338a822605084054c80f382051fb945d2c0e6899a20",
                "sha256:574f24b9805cb1c72d02b9f7749aa0cc0b81aa82571be5201aa1453190390ae5",
                "sha256:66f82819ff47fa67a11540da96966fb9245504b7f496034f534b81cacf333861",
                "sha256:79e5fe3ccd5144ae80777e12973027bd2f4f5e3ae8eb286cabe787bed9780138",
                "sha256:83410258eb886f3456714eea4d4304db3a1fc8624623fc3f38a487ab36c0f653",
                "sha256:8b6a7b596ce1d2a6d93c3562f1178ebd3b7bb445b3b0dd33b09f9255e312a965",
                "sha256:9576cb63897fbfa69df60f994082c3f4b8e6adb49cccb60efb2a80a208e6f996",
                "sha256:95a25d9f3449046ecbe9065be8f8380c03c56081bc5d41fe0fb964aaa30b2195",
                "sha256:a424f048bebc4476620e77f3e4d1f282920cef9bc376ba16d0b8fe97eec87cde",
                "sha256:aaec1cfd94f4f3e9a25e144d5b0ed1eb8a9596ec36d7318a504d813412563a85",
                "sha256:acb673eecbae089ea3be3dcf75bfe45fc8d4dcdc951e27d8691887963cf421c7",
                "sha256:b15bc8d2c2848a4a7c04f76c9b3dc3561e95d4dabc6b4f24bfabe5fd81a0b14f",
                "sha256:b1c240d565e977d80c0083404c01e4d59c5772c977fae2c483f100567f50847b",
                "sha256:c595693de998461bcd49b8d20568c8870b3209b8ea323b2a7b0ea86d85864694",
                "sha256:ce3be5d520b4d2c3e5eeb4cd2ef62b9b9ab8ac6b6fedbaa0e39cdb6f50644278",
                "sha256:e0f910f84b35c36a3513b96d816e6442ae138862257ae18a0019d2fc67b041dc",
                "sha256:ea36e19ac0a483eea239320aef0bd40702404ff8c7e42179a2d9d36c5afcb55c",
                "sha256:efabbcd4f406b532206b8801058c8bab9e79645b9880329253ae3322b7b02cd5",
                "sha256:f923406e6b32c86309261b8195e24e18b6a8801df0cfc7814ac44017bfcb3939"
            ],
            "version": "==1.0.1"
        },
        "lxml": {
            "hashes": [
                "sha256:03984196d00670b2ab14ae0ea83d5cc0cfa4f5a42558afa9ab5fa745995328f5",
                "sha256:0815b0c9f897468de6a386dc15917a0becf48cc92425613aa8bbfc7f0f82951f",
                "sha256:175f3825f075cf02d15099eb52658457cf0ff103dcf11512b5d2583e1d40f58b",
                "sha256:30e14c62d88d1e01a26936ecd1c6e784d4afc9aa002bba4321c5897937112616",
                "sha256:3210da6f36cf4b835ff1be853962b22cc354d506f493b67a4303c88bbb40d57b",
                "sha256:40f60819fbd5bad6e191ba1329bfafa09ab7f3f174b3d034d413ef5266963294",
                "sha256:43b26a865a61549919f8a42e094dfdb62847113cf776d84bd6b60e4e3fc20ea3",
                "sha256:4a03dd682f8e35a10234904e0b9508d705ff98cf962c5851ed052e9340df3d90",
                "sha256:62f382cddf3d2e52cf266e161aa522d54fd624b8cc567bc18f573d9d50d40e8e",
                "sha256:7b98f0325be8450da70aa4a796c4f06852949fe031878b4aa1d6c417a412f314",
                "sha256:846a0739e595871041385d86d12af4b6999f921359b38affb99cdd6b54219a8f",
                "sha256:a3080470559938a09a5d0ec558c005282e99ac77bf8211fb7b9a5c66390acd8d",
                "sha256:ad841b78a476623955da270ab8d207c3c694aa5eba71f4792f65926dc46c6ee8",
                "sha256:afdd75d9735e44c639ffd6258ce04a2de3b208f148072c02478162d0944d9da3",
                "sha256:b4fbf9b552faff54742bcd0791ab1da5863363fb19047e68f6592be1ac2dab33",
                "sha256:b90c4e32d6ec089d3fa3518436bdf5ce4d902a0787dbd9bb09f37afe8b994317",
                "sha256:b91cfe4438c741aeff662d413fd2808ac901cc6229c838236840d11de4586d63",
                "sha256:bdb0593a42070b0a5f138b79b872289ee73c8e25b3f0bea6564e795b55b6bcdd",
                "sha256:c4e4bca2bb68ce22320297dfa1a7bf070a5b20bcbaec4ee023f83d2f6e76496f",
                "sha256:cec4ab14af9eae8501be3266ff50c3c2aecc017ba1e86c160209bb4f0423df6a",
                "sha256:e83b4b2bf029f5104bc1227dbb7bf5ace6fd8fabaebffcd4f8106fafc69fc45f",
                "sha256:e995b3734a46d41ae60b6097f7c51ba9958648c6d1e0935b7e0ee446ee4abe22",
                "sha256:f679d93dec7f7210575c85379a31322df4c46496f184ef650d3aba1484b38a2d",
                "sha256:fd213bb5166e46974f113c8228daaef1732abc47cb561ce9c4c8eaed4bd3b09b",
                "sha256:fdcb57b906dbc1f80666e6290e794ab8fb959a2e17aa5aee1758a85d1da4533f",
                "sha256:ff424b01d090ffe1947ec7432b07f536912e0300458f9a7f48ea217dd8362b86"
            ],
            "version": "==4.3.3"
        },
        "matplotlib": {
            "hashes": [
                "sha256:1ae6549976b6ceb6ee426272a28c0fc9715b3e3669694d560c8f661c5b39e2c5",
                "sha256:4d4250bf508dd07cca3b43888097f873cadb66eec6ac63dbbfb798798ec07af2",
                "sha256:53af2e01d7f1700ed2b64a9091bc865360c9c4032f625451c4589a826854c787",
                "sha256:63e498067d32d627111cd1162cae1621f1221f9d4c6a9745dd7233f29de581b6",
                "sha256:7169a34971e398dd58e87e173f97366fd88a3fa80852704530433eb224a8ca57",
                "sha256:91c54d6bb9eeaaff965656c5ea6cbdcbf780bad8462ac99b30b451548194746f",
                "sha256:aeef177647bb3fccfe09065481989d7dfc5ac59e9367d6a00a3481062cf651e4",
                "sha256:cf8ae10559a78aee0409ede1e9d4fda03895433eeafe609dd9ed67e45f552db0",
                "sha256:d51d0889d1c4d51c51a9822265c0494ea3e70a52bdd88358e0863daca46fa23a",
                "sha256:de5ccd3500247f85fe4f9fad90f80a8bd397e4f110a4c33fabf95f07403e8372",
                "sha256:e1d33589e32f482d0a7d1957bf473d43341115d40d33f578dad44432e47df7b7",
                "sha256:e8d1939262aa6b36d0c51f50a50a43a04b9618d20db31e6c0192b1463067aeef",
                "sha256:e918d51b1fda82a65fdf52d2f3914b2246481cc2a9cd10e223e6be6078916ff3"
            ],
            "index": "tsinghua",
            "version": "==3.0.3"
        },
        "nltk": {
            "hashes": [
                "sha256:3a64b1cb685bbf344adec416871fee07996671c876ff313b3e504158fa1500e1"
            ],
            "index": "tsinghua",
            "version": "==3.4.1"
        },
        "numpy": {
            "hashes": [
                "sha256:1980f8d84548d74921685f68096911585fee393975f53797614b34d4f409b6da",
                "sha256:22752cd809272671b273bb86df0f505f505a12368a3a5fc0aa811c7ece4dfd5c",
                "sha256:23cc40313036cffd5d1873ef3ce2e949bdee0646c5d6f375bf7ee4f368db2511",
                "sha256:2b0b118ff547fecabc247a2668f48f48b3b1f7d63676ebc5be7352a5fd9e85a5",
                "sha256:3a0bd1edf64f6a911427b608a894111f9fcdb25284f724016f34a84c9a3a6ea9",
                "sha256:3f25f6c7b0d000017e5ac55977a3999b0b1a74491eacb3c1aa716f0e01f6dcd1",
                "sha256:4061c79ac2230594a7419151028e808239450e676c39e58302ad296232e3c2e8",
                "sha256:560ceaa24f971ab37dede7ba030fc5d8fa173305d94365f814d9523ffd5d5916",
                "sha256:62be044cd58da2a947b7e7b2252a10b42920df9520fc3d39f5c4c70d5460b8ba",
                "sha256:6c692e3879dde0b67a9dc78f9bfb6f61c666b4562fd8619632d7043fb5b691b0",
                "sha256:6f65e37b5a331df950ef6ff03bd4136b3c0bbcf44d4b8e99135d68a537711b5a",
                "sha256:7a78cc4ddb253a55971115f8320a7ce28fd23a065fc33166d601f51760eecfa9",
                "sha256:80a41edf64a3626e729a62df7dd278474fc1726836552b67a8c6396fd7e86760",
                "sha256:893f4d75255f25a7b8516feb5766c6b63c54780323b9bd4bc51cdd7efc943c73",
                "sha256:972ea92f9c1b54cc1c1a3d8508e326c0114aaf0f34996772a30f3f52b73b942f",
                "sha256:9f1d4865436f794accdabadc57a8395bd3faa755449b4f65b88b7df65ae05f89",
                "sha256:9f4cd7832b35e736b739be03b55875706c8c3e5fe334a06210f1a61e5c2c8ca5",
                "sha256:adab43bf657488300d3aeeb8030d7f024fcc86e3a9b8848741ea2ea903e56610",
                "sha256:bd2834d496ba9b1bdda3a6cf3de4dc0d4a0e7be306335940402ec95132ad063d",
                "sha256:d20c0360940f30003a23c0adae2fe50a0a04f3e48dc05c298493b51fd6280197",
                "sha256:d3b3ed87061d2314ff3659bb73896e622252da52558f2380f12c421fbdee3d89",
                "sha256:dc235bf29a406dfda5790d01b998a1c01d7d37f449128c0b1b7d1c89a84fae8b",
                "sha256:fb3c83554f39f48f3fa3123b9c24aecf681b1c289f9334f8215c1d3c8e2f6e5b"
            ],
            "index": "tsinghua",
            "version": "==1.16.2"
        },
        "pandas": {
            "hashes": [
                "sha256:071e42b89b57baa17031af8c6b6bbd2e9a5c68c595bc6bf9adabd7a9ed125d3b",
                "sha256:17450e25ae69e2e6b303817bdf26b2cd57f69595d8550a77c308be0cd0fd58fa",
                "sha256:17916d818592c9ec891cbef2e90f98cc85e0f1e89ed0924c9b5220dc3209c846",
                "sha256:2538f099ab0e9f9c9d09bbcd94b47fd889bad06dc7ae96b1ed583f1dc1a7a822",
                "sha256:366f30710172cb45a6b4f43b66c220653b1ea50303fbbd94e50571637ffb9167",
                "sha256:42e5ad741a0d09232efbc7fc648226ed93306551772fc8aecc6dce9f0e676794",
                "sha256:4e718e7f395ba5bfe8b6f6aaf2ff1c65a09bb77a36af6394621434e7cc813204",
                "sha256:4f919f409c433577a501e023943e582c57355d50a724c589e78bc1d551a535a2",
                "sha256:4fe0d7e6438212e839fc5010c78b822664f1a824c0d263fd858f44131d9166e2",
                "sha256:5149a6db3e74f23dc3f5a216c2c9ae2e12920aa2d4a5b77e44e5b804a5f93248",
                "sha256:627594338d6dd995cfc0bacd8e654cd9e1252d2a7c959449228df6740d737eb8",
                "sha256:83c702615052f2a0a7fb1dd289726e29ec87a27272d775cb77affe749cca28f8",
                "sha256:8c872f7fdf3018b7891e1e3e86c55b190e6c5cee70cab771e8f246c855001296",
                "sha256:90f116086063934afd51e61a802a943826d2aac572b2f7d55caaac51c13db5b5",
                "sha256:a3352bacac12e1fc646213b998bce586f965c9d431773d9e91db27c7c48a1f7d",
                "sha256:bcdd06007cca02d51350f96debe51331dec429ac8f93930a43eb8fb5639e3eb5",
                "sha256:c1bd07ebc15285535f61ddd8c0c75d0d6293e80e1ee6d9a8d73f3f36954342d0",
                "sha256:c9a4b7c55115eb278c19aa14b34fcf5920c8fe7797a09b7b053ddd6195ea89b3",
                "sha256:cc8fc0c7a8d5951dc738f1c1447f71c43734244453616f32b8aa0ef6013a5dfb",
                "sha256:d7b460bc316064540ce0c41c1438c416a40746fd8a4fb2999668bf18f3c4acf1"
            ],
            "index": "tsinghua",
            "version": "==0.24.2"
        },
        "parsel": {
            "hashes": [
                "sha256:493a9214acbdcb4487a084d95344c25e85e90426a67311ea0425dc5df8dc24b9",
                "sha256:9ccd82b8a122345601f6f9209e972c0e8c3518a188fcff2d37cb4d7bc570b4b8"
            ],
            "version": "==1.5.1"
        },
        "pillow": {
            "hashes": [
                "sha256:15c056bfa284c30a7f265a41ac4cbbc93bdbfc0dfe0613b9cb8a8581b51a9e55",
                "sha256:1a4e06ba4f74494ea0c58c24de2bb752818e9d504474ec95b0aa94f6b0a7e479",
                "sha256:1c3c707c76be43c9e99cb7e3d5f1bee1c8e5be8b8a2a5eeee665efbf8ddde91a",
                "sha256:1fd0b290203e3b0882d9605d807b03c0f47e3440f97824586c173eca0aadd99d",
                "sha256:24114e4a6e1870c5a24b1da8f60d0ba77a0b4027907860188ea82bd3508c80eb",
                "sha256:258d886a49b6b058cd7abb0ab4b2b85ce78669a857398e83e8b8e28b317b5abb",
                "sha256:33c79b6dd6bc7f65079ab9ca5bebffb5f5d1141c689c9c6a7855776d1b09b7e8",
                "sha256:367385fc797b2c31564c427430c7a8630db1a00bd040555dfc1d5c52e39fcd72",
                "sha256:3c1884ff078fb8bf5f63d7d86921838b82ed4a7d0c027add773c2f38b3168754",
                "sha256:44e5240e8f4f8861d748f2a58b3f04daadab5e22bfec896bf5434745f788f33f",
                "sha256:46aa988e15f3ea72dddd81afe3839437b755fffddb5e173886f11460be909dce",
                "sha256:74d90d499c9c736d52dd6d9b7221af5665b9c04f1767e35f5dd8694324bd4601",
                "sha256:809c0a2ce9032cbcd7b5313f71af4bdc5c8c771cb86eb7559afd954cab82ebb5",
                "sha256:85d1ef2cdafd5507c4221d201aaf62fc9276f8b0f71bd3933363e62a33abc734",
                "sha256:8c3889c7681af77ecfa4431cd42a2885d093ecb811e81fbe5e203abc07e0995b",
                "sha256:9218d81b9fca98d2c47d35d688a0cea0c42fd473159dfd5612dcb0483c63e40b",
                "sha256:9aa4f3827992288edd37c9df345783a69ef58bd20cc02e64b36e44bcd157bbf1",
                "sha256:9d80f44137a70b6f84c750d11019a3419f409c944526a95219bea0ac31f4dd91",
                "sha256:b7ebd36128a2fe93991293f997e44be9286503c7530ace6a55b938b20be288d8",
                "sha256:c4c78e2c71c257c136cdd43869fd3d5e34fc2162dc22e4a5406b0ebe86958239",
                "sha256:c6a842537f887be1fe115d8abb5daa9bc8cc124e455ff995830cc785624a97af",
                "sha256:cf0a2e040fdf5a6d95f4c286c6ef1df6b36c218b528c8a9158ec2452a804b9b8",
                "sha256:cfd28aad6fc61f7a5d4ee556a997dc6e5555d9381d1390c00ecaf984d57e4232",
                "sha256:dca5660e25932771460d4688ccbb515677caaf8595f3f3240ec16c117deff89a",
                "sha256:de7aedc85918c2f887886442e50f52c1b93545606317956d65f342bd81cb4fc3",
                "sha256:e6c0bbf8e277b74196e3140c35f9a1ae3eafd818f7f2d3a15819c49135d6c062"
            ],
            "version": "==6.0.0"
        },
        "pyasn1": {
            "hashes": [
                "sha256:da2420fe13a9452d8ae97a0e478adde1dee153b11ba832a95b223a2ba01c10f7",
                "sha256:da6b43a8c9ae93bc80e2739efb38cc776ba74a886e3e9318d65fe81a8b8a2c6e"
            ],
            "version": "==0.4.5"
        },
        "pyasn1-modules": {
            "hashes": [
                "sha256:79580acf813e3b7d6e69783884e6e83ac94bf4617b36a135b85c599d8a818a7b",
                "sha256:a52090e8c5841ebbf08ae455146792d9ef3e8445b21055d3a3b7ed9c712b7c7c"
            ],
            "version": "==0.2.4"
        },
        "pycparser": {
            "hashes": [
                "sha256:a988718abfad80b6b157acce7bf130a30876d27603738ac39f140993246b25b3"
            ],
            "version": "==2.19"
        },
        "pydispatcher": {
            "hashes": [
                "sha256:5570069e1b1769af1fe481de6dd1d3a388492acddd2cdad7a3bde145615d5caf",
                "sha256:5be4a8be12805ef7d712dd9a93284fb8bc53f309867e573f653a72e5fd10e433"
            ],
            "version": "==2.0.5"
        },
        "pyhamcrest": {
            "hashes": [
                "sha256:6b672c02fdf7470df9674ab82263841ce8333fb143f32f021f6cb26f0e512420",
                "sha256:8ffaa0a53da57e89de14ced7185ac746227a8894dbd5a3c718bf05ddbd1d56cd"
            ],
            "version": "==1.9.0"
        },
        "pyhanlp": {
            "hashes": [
                "sha256:919c225263e1ed33019851d00637773885b7a0b67d9ab2664690288dddd41fbb"
            ],
            "index": "tsinghua",
            "version": "==0.1.45"
        },
        "pyopenssl": {
            "hashes": [
                "sha256:aeca66338f6de19d1aa46ed634c3b9ae519a64b458f8468aec688e7e3c20f200",
                "sha256:c727930ad54b10fc157015014b666f2d8b41f70c0d03e83ab67624fd3dd5d1e6"
            ],
            "version": "==19.0.0"
        },
        "pyparsing": {
            "hashes": [
                "sha256:1873c03321fc118f4e9746baf201ff990ceb915f433f23b395f5580d1840cb2a",
                "sha256:9b6323ef4ab914af344ba97510e966d64ba91055d6b9afa6b30799340e89cc03"
            ],
            "version": "==2.4.0"
        },
        "pypiwin32": {
            "hashes": [
                "sha256:67adf399debc1d5d14dffc1ab5acacb800da569754fafdc576b2a039485aa775",
                "sha256:71be40c1fbd28594214ecaecb58e7aa8b708eabfa0125c8a109ebd51edbd776a"
            ],
            "index": "tsinghua",
            "version": "==223"
        },
        "python-dateutil": {
            "hashes": [
                "sha256:7e6584c74aeed623791615e26efd690f29817a27c73085b78e4bad02493df2fb",
                "sha256:c89805f6f4d64db21ed966fda138f8a5ed7a4fdbc1a8ee329ce1b74e3c74da9e"
            ],
            "version": "==2.8.0"
        },
        "pytz": {
            "hashes": [
                "sha256:303879e36b721603cc54604edcac9d20401bdbe31e1e4fdee5b9f98d5d31dfda",
                "sha256:d747dd3d23d77ef44c6a3526e274af6efeb0a6f1afd5a69ba4d5be4098c8e141"
            ],
            "version": "==2019.1"
        },
        "pywin32": {
            "hashes": [
                "sha256:22e218832a54ed206452c8f3ca9eff07ef327f8e597569a4c2828be5eaa09a77",
                "sha256:32b37abafbfeddb0fe718008d6aada5a71efa2874f068bee1f9e703983dcc49a",
                "sha256:35451edb44162d2f603b5b18bd427bc88fcbc74849eaa7a7e7cfe0f507e5c0c8",
                "sha256:4eda2e1e50faa706ff8226195b84fbcbd542b08c842a9b15e303589f85bfb41c",
                "sha256:5f265d72588806e134c8e1ede8561739071626ea4cc25c12d526aa7b82416ae5",
                "sha256:6852ceac5fdd7a146b570655c37d9eacd520ed1eaeec051ff41c6fc94243d8bf",
                "sha256:6dbc4219fe45ece6a0cc6baafe0105604fdee551b5e876dc475d3955b77190ec",
                "sha256:9bd07746ce7f2198021a9fa187fa80df7b221ec5e4c234ab6f00ea355a3baf99"
            ],
            "version": "==224"
        },
        "queuelib": {
            "hashes": [
                "sha256:42b413295551bdc24ed9376c1a2cd7d0b1b0fa4746b77b27ca2b797a276a1a17",
                "sha256:ff43b5b74b9266f8df4232a8f768dc4d67281a271905e2ed4a3689d4d304cd02"
            ],
            "version": "==1.5.0"
        },
        "requests": {
            "hashes": [
                "sha256:502a824f31acdacb3a35b6690b5fbf0bc41d63a24a45c4004352b0242707598e",
                "sha256:7bf2a778576d825600030a110f3c0e3e8edc51dfaafe1c146e39a2027784957b"
            ],
            "index": "tsinghua",
            "version": "==2.21.0"
        },
        "scipy": {
            "hashes": [
                "sha256:014cb900c003b5ac81a53f2403294e8ecf37aedc315b59a6b9370dce0aa7627a",
                "sha256:281a34da34a5e0de42d26aed692ab710141cad9d5d218b20643a9cb538ace976",
                "sha256:588f9cc4bfab04c45fbd19c1354b5ade377a8124d6151d511c83730a9b6b2338",
                "sha256:5a10661accd36b6e2e8855addcf3d675d6222006a15795420a39c040362def66",
                "sha256:628f60be272512ca1123524969649a8cb5ae8b31cca349f7c6f8903daf9034d7",
                "sha256:6dcc43a88e25b815c2dea1c6fac7339779fc988f5df8396e1de01610604a7c38",
                "sha256:70e37cec0ac0fe95c85b74ca4e0620169590fd5d3f44765f3c3a532cedb0e5fd",
                "sha256:7274735fb6fb5d67d3789ddec2cd53ed6362539b41aa6cc0d33a06c003aaa390",
                "sha256:78e12972e144da47326958ac40c2bd1c1cca908edc8b01c26a36f9ffd3dce466",
                "sha256:790cbd3c8d09f3a6d9c47c4558841e25bac34eb7a0864a9def8f26be0b8706af",
                "sha256:79792c8fe8e9d06ebc50fe23266522c8c89f20aa94ac8e80472917ecdce1e5ba",
                "sha256:865afedf35aaef6df6344bee0de391ee5e99d6e802950a237f9fb9b13e441f91",
                "sha256:870fd401ec7b64a895cff8e206ee16569158db00254b2f7157b4c9a5db72c722",
                "sha256:963815c226b29b0176d5e3d37fc9de46e2778ce4636a5a7af11a48122ef2577c",
                "sha256:9726791484f08e394af0b59eb80489ad94d0a53bbb58ab1837dcad4d58489863",
                "sha256:9de84a71bb7979aa8c089c4fb0ea0e2ed3917df3fb2a287a41aaea54bbad7f5d",
                "sha256:b2c324ddc5d6dbd3f13680ad16a29425841876a84a1de23a984236d1afff4fa6",
                "sha256:b86ae13c597fca087cb8c193870507c8916cefb21e52e1897da320b5a35075e5",
                "sha256:ba0488d4dbba2af5bf9596b849873102d612e49a118c512d9d302ceafa36e01a",
                "sha256:d78702af4102a3a4e23bb7372cec283e78f32f5573d92091aa6aaba870370fe1",
                "sha256:def0e5d681dd3eb562b059d355ae8bebe27f5cc455ab7c2b6655586b63d3a8ea",
                "sha256:e085d1babcb419bbe58e2e805ac61924dac4ca45a07c9fa081144739e500aa3c",
                "sha256:e2cfcbab37c082a5087aba5ff00209999053260441caadd4f0e8f4c2d6b72088",
                "sha256:e742f1f5dcaf222e8471c37ee3d1fd561568a16bb52e031c25674ff1cf9702d5",
                "sha256:f06819b028b8ef9010281e74c59cb35483933583043091ed6b261bb1540f11cc",
                "sha256:f15f2d60a11c306de7700ee9f65df7e9e463848dbea9c8051e293b704038da60",
                "sha256:f31338ee269d201abe76083a990905473987371ff6f3fdb76a3f9073a361cf37",
                "sha256:f6b88c8d302c3dac8dff7766955e38d670c82e0d79edfc7eae47d6bb2c186594"
            ],
            "index": "tsinghua",
            "version": "==1.2.1"
        },
        "scrapy": {
            "hashes": [
                "sha256:4ec03552c9aed1e82a376488150e904e0213bdee3ca140225105e9b03d0de204",
                "sha256:558dfd10ac53cb324ecd7eefd3eac412161c7507c082b01b0bcd2c6e2e9f0766"
            ],
            "index": "tsinghua",
            "version": "==1.6.0"
        },
        "service-identity": {
            "hashes": [
                "sha256:001c0707759cb3de7e49c078a7c0c9cd12594161d3bf06b9c254fdcb1a60dc36",
                "sha256:0858a54aabc5b459d1aafa8a518ed2081a285087f349fe3e55197989232e2e2d"
            ],
            "version": "==18.1.0"
        },
        "six": {
            "hashes": [
                "sha256:3350809f0555b11f552448330d0b52d5f24c91a322ea4a15ef22629740f3761c",
                "sha256:d16a0141ec1a18405cd4ce8b4613101da75da0e9a7aec5bdd4fa804d0e0eba73"
            ],
            "version": "==1.12.0"
        },
        "soupsieve": {
            "hashes": [
                "sha256:6898e82ecb03772a0d82bd0d0a10c0d6dcc342f77e0701d0ec4a8271be465ece",
                "sha256:b20eff5e564529711544066d7dc0f7661df41232ae263619dede5059799cdfca"
            ],
            "version": "==1.9.1"
        },
        "twisted": {
            "hashes": [
                "sha256:1708e1928ae84ec9d3ebab0d427e20e1e38ff721b15bbced476d047d4a43abbe",
                "sha256:3716eca1c80ef88729a85e9a70f09acce8df2adf7c58590d54c94f383945bc47"
            ],
            "version": "==19.2.0"
        },
        "urllib3": {
            "hashes": [
                "sha256:4c291ca23bbb55c76518905869ef34bdd5f0e46af7afe6861e8375643ffee1a0",
                "sha256:9a247273df709c4fedb38c711e44292304f73f39ab01beda9f6b9fc375669ac3"
            ],
            "version": "==1.24.2"
        },
        "w3lib": {
            "hashes": [
                "sha256:67eacd24f4f233a80bc472835ad6aad99616e49aa1d795f3dbb7b8b028fec6cf",
                "sha256:e54db912ae1c79d3e246b16d3645bdf701f70ac4f8a2fc46eeb284cc02a31cd7"
            ],
            "version": "==1.20.0"
        },
        "wordcloud": {
            "hashes": [
                "sha256:1ba7de6e3179f77f390fa70a363fcd8a3708dd79df7994738f0ba20e6b4eec4a",
                "sha256:2804995d361438fde75114543d5e48cf4b9f6bc74327c7ed6973ccba0e11221d",
                "sha256:2c67ae08992ced6ee465b31e307e2d686c593fd5d25459b7bf79effd08e5b797",
                "sha256:5259f04f0e06a58c313e4c9c145a11ca8c4443bb5d9195414160c0f359d047d8",
                "sha256:5425b176d9d8a634130db398400a830aa1f43a2bd1d60e16801764ae2b44ed4a",
                "sha256:578996a2ac83d2199f96661e66af587f010ffb472744fd834186cdfd060d5e38",
                "sha256:5a90670745e346e468ec0e203e329e8c44392a4e9aae38dcceb4d313ac0dc939",
                "sha256:6ceed30c943b49e8e8b222a4d5a6725bbeca180fada7a04c4121ed238d6896e6",
                "sha256:78a856ca60be4c912cd27c3050dd4ad79e34ca021cd83fd61b77bbb10a84a089",
                "sha256:80b6646a821537faa88b4bba78e35c20f9056bd7227b76fcf065b6627709c089",
                "sha256:9b87d3ccb7829f8e5fbe1847126f9d232bd7d8d299475e5fc8e5331c5cd52fa6",
                "sha256:a0e70a23de1e978059a35a1fda976d921b802f0ef7cd145283be7a0772f46b11",
                "sha256:a8b7b896e7c767afc4d195d0c1657320d6e3db1e02a919eeb2d895b0c277afd9",
                "sha256:c567d8d5e6743932f1748ac0db6235dc8948fdf34c4819dffebc4914b9e37d3c",
                "sha256:c7c0de04c68bef168d51ece614e979b19a22287101efbf86ad0b23e91a9f8405",
                "sha256:d13cce1ad31d5dc6d9d276a5745fe1067d40b680901fad45527bad660f28232e",
                "sha256:f2df3140b4355b589316f4bc80e08f4385cd74a57d6de6e97d2f85847e2161c5"
            ],
            "index": "tsinghua",
            "version": "==1.5.0"
        },
        "zope.interface": {
            "hashes": [
                "sha256:086707e0f413ff8800d9c4bc26e174f7ee4c9c8b0302fbad68d083071822316c",
                "sha256:1157b1ec2a1f5bf45668421e3955c60c610e31913cc695b407a574efdbae1f7b",
                "sha256:11ebddf765bff3bbe8dbce10c86884d87f90ed66ee410a7e6c392086e2c63d02",
                "sha256:14b242d53f6f35c2d07aa2c0e13ccb710392bcd203e1b82a1828d216f6f6b11f",
                "sha256:1b3d0dcabc7c90b470e59e38a9acaa361be43b3a6ea644c0063951964717f0e5",
                "sha256:20a12ab46a7e72b89ce0671e7d7a6c3c1ca2c2766ac98112f78c5bddaa6e4375",
                "sha256:298f82c0ab1b182bd1f34f347ea97dde0fffb9ecf850ecf7f8904b8442a07487",
                "sha256:2f6175722da6f23dbfc76c26c241b67b020e1e83ec7fe93c9e5d3dd18667ada2",
                "sha256:3b877de633a0f6d81b600624ff9137312d8b1d0f517064dfc39999352ab659f0",
                "sha256:4265681e77f5ac5bac0905812b828c9fe1ce80c6f3e3f8574acfb5643aeabc5b",
                "sha256:550695c4e7313555549aa1cdb978dc9413d61307531f123558e438871a883d63",
                "sha256:5f4d42baed3a14c290a078e2696c5f565501abde1b2f3f1a1c0a94fbf6fbcc39",
                "sha256:62dd71dbed8cc6a18379700701d959307823b3b2451bdc018594c48956ace745",
                "sha256:7040547e5b882349c0a2cc9b50674b1745db551f330746af434aad4f09fba2cc",
                "sha256:7e099fde2cce8b29434684f82977db4e24f0efa8b0508179fce1602d103296a2",
                "sha256:7e5c9a5012b2b33e87980cee7d1c82412b2ebabcb5862d53413ba1a2cfde23aa",
                "sha256:81295629128f929e73be4ccfdd943a0906e5fe3cdb0d43ff1e5144d16fbb52b1",
                "sha256:95cc574b0b83b85be9917d37cd2fad0ce5a0d21b024e1a5804d044aabea636fc",
                "sha256:968d5c5702da15c5bf8e4a6e4b67a4d92164e334e9c0b6acf080106678230b98",
                "sha256:9e998ba87df77a85c7bed53240a7257afe51a07ee6bc3445a0bf841886da0b97",
                "sha256:a0c39e2535a7e9c195af956610dba5a1073071d2d85e9d2e5d789463f63e52ab",
                "sha256:a15e75d284178afe529a536b0e8b28b7e107ef39626a7809b4ee64ff3abc9127",
                "sha256:a6a6ff82f5f9b9702478035d8f6fb6903885653bff7ec3a1e011edc9b1a7168d",
                "sha256:b639f72b95389620c1f881d94739c614d385406ab1d6926a9ffe1c8abbea23fe",
                "sha256:bad44274b151d46619a7567010f7cde23a908c6faa84b97598fd2f474a0c6891",
                "sha256:bbcef00d09a30948756c5968863316c949d9cedbc7aabac5e8f0ffbdb632e5f1",
                "sha256:d788a3999014ddf416f2dc454efa4a5dbeda657c6aba031cf363741273804c6b",
                "sha256:eed88ae03e1ef3a75a0e96a55a99d7937ed03e53d0cffc2451c208db445a2966",
                "sha256:f99451f3a579e73b5dd58b1b08d1179791d49084371d9a47baad3b22417f0317"
            ],
            "version": "==4.6.0"
        }
    },
    "develop": {}
}
